# This file is automatically @generated by Cargo.
# It is not intended for manual editing.
version = 4

[[package]]
name = "a-studio"
version = "0.0.1"
dependencies = [
 "astudio-engine",
 "astudio-ui",
]

[[package]]
name = "a-studio-cli"
version = "0.0.1"
dependencies = [
 "astudio-automation",
 "astudio-engine",
]

[[package]]
name = "a-studio-web"
version = "0.0.1"
dependencies = [
 "astudio-engine",
 "astudio-ui",
]

[[package]]
name = "astudio-algo"
version = "0.0.1"
dependencies = [
 "astudio-color",
 "astudio-doc",
 "astudio-geom",
 "astudio-raster",
]

[[package]]
name = "astudio-automation"
version = "0.0.1"
dependencies = [
 "astudio-engine",
]

[[package]]
name = "astudio-codecs"
version = "0.0.1"

[[package]]
name = "astudio-color"
version = "0.0.1"
dependencies = [
 "astudio-geom",
]

[[package]]
name = "astudio-compose"
version = "0.0.1"
dependencies = [
 "astudio-color",
 "astudio-doc",
 "astudio-effects",
 "astudio-geom",
 "astudio-raster",
 "astudio-text",
]

[[package]]
name = "astudio-doc"
version = "0.0.1"
dependencies = [
 "astudio-color",
 "astudio-geom",
 "astudio-raster",
 "astudio-vdoc",
]

[[package]]
name = "astudio-effects"
version = "0.0.1"
dependencies = [
 "astudio-color",
 "astudio-geom",
 "astudio-raster",
 "astudio-vdoc",
]

[[package]]
name = "astudio-engine"
version = "0.0.1"
dependencies = [
 "astudio-color",
 "astudio-doc",
 "astudio-format",
 "astudio-geom",
 "astudio-io",
 "astudio-plugins",
 "astudio-raster",
 "astudio-text",
 "astudio-tools",
 "astudio-vdoc",
]

[[package]]
name = "astudio-format"
version = "0.0.1"
dependencies = [
 "astudio-color",
 "astudio-doc",
 "astudio-geom",
 "astudio-raster",
 "astudio-vdoc",
]

[[package]]
name = "astudio-geom"
version = "0.0.1"

[[package]]
name = "astudio-gpu"
version = "0.0.1"
dependencies = [
 "astudio-color",
 "astudio-doc",
 "astudio-geom",
 "astudio-raster",
]

[[package]]
name = "astudio-io"
version = "0.0.1"
dependencies = [
 "astudio-color",
 "astudio-compose",
 "astudio-doc",
 "astudio-format",
 "astudio-geom",
 "astudio-raster",
]

[[package]]
name = "astudio-paint"
version = "0.0.1"
dependencies = [
 "astudio-color",
 "astudio-doc",
 "astudio-geom",
 "astudio-raster",
]

[[package]]
name = "astudio-pathops"
version = "0.0.1"
dependencies = [
 "astudio-geom",
 "astudio-vdoc",
]

[[package]]
name = "astudio-pdf"
version = "0.0.1"
dependencies = [
 "astudio-color",
 "astudio-geom",
 "astudio-text",
 "astudio-vdoc",
]

[[package]]
name = "astudio-plugins"
version = "0.0.1"
dependencies = [
 "astudio-color",
 "astudio-geom",
 "astudio-raster",
 "astudio-vdoc",
]

[[package]]
name = "astudio-psd"
version = "0.0.1"

[[package]]
name = "astudio-raster"
version = "0.0.1"
dependencies = [
 "astudio-color",
 "astudio-geom",
]

[[package]]
name = "astudio-render"
version = "0.0.1"
dependencies = [
 "astudio-color",
 "astudio-doc",
 "astudio-effects",
 "astudio-geom",
 "astudio-raster",
 "astudio-text",
 "astudio-vdoc",
]

[[package]]
name = "astudio-svg"
version = "0.0.1"
dependencies = [
 "astudio-color",
 "astudio-geom",
 "astudio-text",
 "astudio-vdoc",
]

[[package]]
name = "astudio-tablet"
version = "0.0.1"

[[package]]
name = "astudio-testkit"
version = "0.0.1"
dependencies = [
 "astudio-doc",
 "astudio-geom",
]

[[package]]
name = "astudio-text"
version = "0.0.1"
dependencies = [
 "astudio-color",
 "astudio-doc",
 "astudio-geom",
 "astudio-raster",
 "astudio-vdoc",
]

[[package]]
name = "astudio-tools"
version = "0.0.1"
dependencies = [
 "astudio-doc",
 "astudio-geom",
 "astudio-vdoc",
]

[[package]]
name = "astudio-trace"
version = "0.0.1"
dependencies = [
 "astudio-geom",
 "astudio-raster",
 "astudio-vdoc",
]

[[package]]
name = "astudio-ui"
version = "0.0.1"
dependencies = [
 "astudio-engine",
]

[[package]]
name = "astudio-vdoc"
version = "0.0.1"
dependencies = [
 "astudio-color",
 "astudio-geom",
]

[[package]]
name = "xtask"
version = "0.0.0"
